
Microsoft Visual Studio Solution File, Format Version 11.00
# Visual Studio 2010
Project("{FAE04EC0-301F-11D3-BF4B-00C04F79EFBC}") = "Assembly-CSharp", "Assembly-CSharp.csproj", "{88298c89-3289-2569-4d6a-3292c6e51896}"
EndProject
Project("{FAE04EC0-301F-11D3-BF4B-00C04F79EFBC}") = "FMODUnity", "FMODUnity.csproj", "{370911ab-8a87-8832-5a38-a791093119a4}"
EndProject
Project("{FAE04EC0-301F-11D3-BF4B-00C04F79EFBC}") = "FMODUnityEditor", "FMODUnityEditor.csproj", "{7699ed17-cf61-c8d7-838d-e052138a616a}"
EndProject
Project("{FAE04EC0-301F-11D3-BF4B-00C04F79EFBC}") = "FMODUnityResonanceEditor", "FMODUnityResonanceEditor.csproj", "{f2b3f92e-253a-1518-62f1-de6527ea91d3}"
EndProject
Project("{FAE04EC0-301F-11D3-BF4B-00C04F79EFBC}") = "FMODUnityResonance", "FMODUnityResonance.csproj", "{975189e1-5813-decd-21fc-d47481bba6ab}"
EndProject
Global
	GlobalSection(SolutionConfigurationPlatforms) = preSolution
		Debug|Any CPU = Debug|Any CPU
	EndGlobalSection
	GlobalSection(ProjectConfigurationPlatforms) = postSolution
		{88298c89-3289-2569-4d6a-3292c6e51896}.Debug|Any CPU.ActiveCfg = Debug|Any CPU
		{88298c89-3289-2569-4d6a-3292c6e51896}.Debug|Any CPU.Build.0 = Debug|Any CPU
		{370911ab-8a87-8832-5a38-a791093119a4}.Debug|Any CPU.ActiveCfg = Debug|Any CPU
		{370911ab-8a87-8832-5a38-a791093119a4}.Debug|Any CPU.Build.0 = Debug|Any CPU
		{7699ed17-cf61-c8d7-838d-e052138a616a}.Debug|Any CPU.ActiveCfg = Debug|Any CPU
		{7699ed17-cf61-c8d7-838d-e052138a616a}.Debug|Any CPU.Build.0 = Debug|Any CPU
		{f2b3f92e-253a-1518-62f1-de6527ea91d3}.Debug|Any CPU.ActiveCfg = Debug|Any CPU
		{f2b3f92e-253a-1518-62f1-de6527ea91d3}.Debug|Any CPU.Build.0 = Debug|Any CPU
		{975189e1-5813-decd-21fc-d47481bba6ab}.Debug|Any CPU.ActiveCfg = Debug|Any CPU
		{975189e1-5813-decd-21fc-d47481bba6ab}.Debug|Any CPU.Build.0 = Debug|Any CPU
	EndGlobalSection
	GlobalSection(SolutionProperties) = preSolution
		HideSolutionNode = FALSE
	EndGlobalSection
EndGlobal
